
Microsoft Visual Studio Solution File, Format Version 12.00
# Visual Studio 15
VisualStudioVersion = 15.0.26730.10
MinimumVisualStudioVersion = 10.0.40219.1
Project("{FAE04EC0-301F-11D3-BF4B-00C04F79EFBC}") = "BootstrapperLoaderDemo.Core", "src\BootstrapperLoaderDemo.Core\BootstrapperLoaderDemo.Core.csproj", "{5CADE807-456C-4868-8A07-5D8A01F6F7B4}"
EndProject
Project("{FAE04EC0-301F-11D3-BF4B-00C04F79EFBC}") = "BootstrapperLoaderDemo.Repository", "src\BootstrapperLoaderDemo.Repository\BootstrapperLoaderDemo.Repository.csproj", "{F090327A-2CC6-49DD-87C1-6D744EFBFA78}"
EndProject
Project("{FAE04EC0-301F-11D3-BF4B-00C04F79EFBC}") = "BootstrapperLoaderDemo", "src\BootstrapperLoaderDemo\BootstrapperLoaderDemo.csproj", "{44AAE74B-76C6-4F39-9769-BF1A8853815B}"
EndProject
Global
	GlobalSection(SolutionConfigurationPlatforms) = preSolution
		Debug|Any CPU = Debug|Any CPU
		Release|Any CPU = Release|Any CPU
	EndGlobalSection
	GlobalSection(ProjectConfigurationPlatforms) = postSolution
		{5CADE807-456C-4868-8A07-5D8A01F6F7B4}.Debug|Any CPU.ActiveCfg = Debug|Any CPU
		{5CADE807-456C-4868-8A07-5D8A01F6F7B4}.Debug|Any CPU.Build.0 = Debug|Any CPU
		{5CADE807-456C-4868-8A07-5D8A01F6F7B4}.Release|Any CPU.ActiveCfg = Release|Any CPU
		{5CADE807-456C-4868-8A07-5D8A01F6F7B4}.Release|Any CPU.Build.0 = Release|Any CPU
		{F090327A-2CC6-49DD-87C1-6D744EFBFA78}.Debug|Any CPU.ActiveCfg = Debug|Any CPU
		{F090327A-2CC6-49DD-87C1-6D744EFBFA78}.Debug|Any CPU.Build.0 = Debug|Any CPU
		{F090327A-2CC6-49DD-87C1-6D744EFBFA78}.Release|Any CPU.ActiveCfg = Release|Any CPU
		{F090327A-2CC6-49DD-87C1-6D744EFBFA78}.Release|Any CPU.Build.0 = Release|Any CPU
		{44AAE74B-76C6-4F39-9769-BF1A8853815B}.Debug|Any CPU.ActiveCfg = Debug|Any CPU
		{44AAE74B-76C6-4F39-9769-BF1A8853815B}.Debug|Any CPU.Build.0 = Debug|Any CPU
		{44AAE74B-76C6-4F39-9769-BF1A8853815B}.Release|Any CPU.ActiveCfg = Release|Any CPU
		{44AAE74B-76C6-4F39-9769-BF1A8853815B}.Release|Any CPU.Build.0 = Release|Any CPU
	EndGlobalSection
	GlobalSection(SolutionProperties) = preSolution
		HideSolutionNode = FALSE
	EndGlobalSection
	GlobalSection(ExtensibilityGlobals) = postSolution
		SolutionGuid = {5C1AD1B4-04B4-459F-8A1E-74DAE9E90552}
	EndGlobalSection
EndGlobal
