
Microsoft Visual Studio Solution File, Format Version 12.00
# Visual Studio 15
VisualStudioVersion = 15.0.26124.0
MinimumVisualStudioVersion = 15.0.26124.0
Project("{2150E333-8FDC-42A3-9474-1A3956D46DE8}") = "src", "src", "{A2871AFD-8CA9-43ED-82B9-9F5ED1C662FE}"
EndProject
Project("{FAE04EC0-301F-11D3-BF4B-00C04F79EFBC}") = "BootstrapperLoaderDemo", "src\BootstrapperLoaderDemo\BootstrapperLoaderDemo.csproj", "{E372CB21-2985-41CD-AD14-93E6E299B57E}"
EndProject
Project("{FAE04EC0-301F-11D3-BF4B-00C04F79EFBC}") = "BootstrapperLoaderDemo.Core", "src\BootstrapperLoaderDemo.Core\BootstrapperLoaderDemo.Core.csproj", "{C6E882FB-5EE2-44BA-BCBB-036F7EF65430}"
EndProject
Project("{FAE04EC0-301F-11D3-BF4B-00C04F79EFBC}") = "BootstrapperLoaderDemo.Repository", "src\BootstrapperLoaderDemo.Repository\BootstrapperLoaderDemo.Repository.csproj", "{CBD11641-F7FB-4084-AD62-C26B4E2D0CB8}"
EndProject
Global
	GlobalSection(SolutionConfigurationPlatforms) = preSolution
		Debug|Any CPU = Debug|Any CPU
		Debug|x64 = Debug|x64
		Debug|x86 = Debug|x86
		Release|Any CPU = Release|Any CPU
		Release|x64 = Release|x64
		Release|x86 = Release|x86
	EndGlobalSection
	GlobalSection(SolutionProperties) = preSolution
		HideSolutionNode = FALSE
	EndGlobalSection
	GlobalSection(ProjectConfigurationPlatforms) = postSolution
		{E372CB21-2985-41CD-AD14-93E6E299B57E}.Debug|Any CPU.ActiveCfg = Debug|Any CPU
		{E372CB21-2985-41CD-AD14-93E6E299B57E}.Debug|Any CPU.Build.0 = Debug|Any CPU
		{E372CB21-2985-41CD-AD14-93E6E299B57E}.Debug|x64.ActiveCfg = Debug|x64
		{E372CB21-2985-41CD-AD14-93E6E299B57E}.Debug|x64.Build.0 = Debug|x64
		{E372CB21-2985-41CD-AD14-93E6E299B57E}.Debug|x86.ActiveCfg = Debug|x86
		{E372CB21-2985-41CD-AD14-93E6E299B57E}.Debug|x86.Build.0 = Debug|x86
		{E372CB21-2985-41CD-AD14-93E6E299B57E}.Release|Any CPU.ActiveCfg = Release|Any CPU
		{E372CB21-2985-41CD-AD14-93E6E299B57E}.Release|Any CPU.Build.0 = Release|Any CPU
		{E372CB21-2985-41CD-AD14-93E6E299B57E}.Release|x64.ActiveCfg = Release|x64
		{E372CB21-2985-41CD-AD14-93E6E299B57E}.Release|x64.Build.0 = Release|x64
		{E372CB21-2985-41CD-AD14-93E6E299B57E}.Release|x86.ActiveCfg = Release|x86
		{E372CB21-2985-41CD-AD14-93E6E299B57E}.Release|x86.Build.0 = Release|x86
		{C6E882FB-5EE2-44BA-BCBB-036F7EF65430}.Debug|Any CPU.ActiveCfg = Debug|Any CPU
		{C6E882FB-5EE2-44BA-BCBB-036F7EF65430}.Debug|Any CPU.Build.0 = Debug|Any CPU
		{C6E882FB-5EE2-44BA-BCBB-036F7EF65430}.Debug|x64.ActiveCfg = Debug|x64
		{C6E882FB-5EE2-44BA-BCBB-036F7EF65430}.Debug|x64.Build.0 = Debug|x64
		{C6E882FB-5EE2-44BA-BCBB-036F7EF65430}.Debug|x86.ActiveCfg = Debug|x86
		{C6E882FB-5EE2-44BA-BCBB-036F7EF65430}.Debug|x86.Build.0 = Debug|x86
		{C6E882FB-5EE2-44BA-BCBB-036F7EF65430}.Release|Any CPU.ActiveCfg = Release|Any CPU
		{C6E882FB-5EE2-44BA-BCBB-036F7EF65430}.Release|Any CPU.Build.0 = Release|Any CPU
		{C6E882FB-5EE2-44BA-BCBB-036F7EF65430}.Release|x64.ActiveCfg = Release|x64
		{C6E882FB-5EE2-44BA-BCBB-036F7EF65430}.Release|x64.Build.0 = Release|x64
		{C6E882FB-5EE2-44BA-BCBB-036F7EF65430}.Release|x86.ActiveCfg = Release|x86
		{C6E882FB-5EE2-44BA-BCBB-036F7EF65430}.Release|x86.Build.0 = Release|x86
		{CBD11641-F7FB-4084-AD62-C26B4E2D0CB8}.Debug|Any CPU.ActiveCfg = Debug|Any CPU
		{CBD11641-F7FB-4084-AD62-C26B4E2D0CB8}.Debug|Any CPU.Build.0 = Debug|Any CPU
		{CBD11641-F7FB-4084-AD62-C26B4E2D0CB8}.Debug|x64.ActiveCfg = Debug|x64
		{CBD11641-F7FB-4084-AD62-C26B4E2D0CB8}.Debug|x64.Build.0 = Debug|x64
		{CBD11641-F7FB-4084-AD62-C26B4E2D0CB8}.Debug|x86.ActiveCfg = Debug|x86
		{CBD11641-F7FB-4084-AD62-C26B4E2D0CB8}.Debug|x86.Build.0 = Debug|x86
		{CBD11641-F7FB-4084-AD62-C26B4E2D0CB8}.Release|Any CPU.ActiveCfg = Release|Any CPU
		{CBD11641-F7FB-4084-AD62-C26B4E2D0CB8}.Release|Any CPU.Build.0 = Release|Any CPU
		{CBD11641-F7FB-4084-AD62-C26B4E2D0CB8}.Release|x64.ActiveCfg = Release|x64
		{CBD11641-F7FB-4084-AD62-C26B4E2D0CB8}.Release|x64.Build.0 = Release|x64
		{CBD11641-F7FB-4084-AD62-C26B4E2D0CB8}.Release|x86.ActiveCfg = Release|x86
		{CBD11641-F7FB-4084-AD62-C26B4E2D0CB8}.Release|x86.Build.0 = Release|x86
	EndGlobalSection
	GlobalSection(NestedProjects) = preSolution
		{E372CB21-2985-41CD-AD14-93E6E299B57E} = {A2871AFD-8CA9-43ED-82B9-9F5ED1C662FE}
		{C6E882FB-5EE2-44BA-BCBB-036F7EF65430} = {A2871AFD-8CA9-43ED-82B9-9F5ED1C662FE}
		{CBD11641-F7FB-4084-AD62-C26B4E2D0CB8} = {A2871AFD-8CA9-43ED-82B9-9F5ED1C662FE}
	EndGlobalSection
EndGlobal
